
Microsoft Visual Studio Solution File, Format Version 12.00
# Visual Studio Version 17
VisualStudioVersion = 17.14.36121.58 d17.14
MinimumVisualStudioVersion = 10.0.40219.1
Project("{FAE04EC0-301F-11D3-BF4B-00C04F79EFBC}") = "MediatorVH", "MediatorVH\MediatorVH.csproj", "{0298EE7F-BA28-465F-B934-70A32C9D52D3}"
EndProject
Global
	GlobalSection(SolutionConfigurationPlatforms) = preSolution
		Debug|Any CPU = Debug|Any CPU
		Release|Any CPU = Release|Any CPU
	EndGlobalSection
	GlobalSection(ProjectConfigurationPlatforms) = postSolution
		{0298EE7F-BA28-465F-B934-70A32C9D52D3}.Debug|Any CPU.ActiveCfg = Debug|Any CPU
		{0298EE7F-BA28-465F-B934-70A32C9D52D3}.Debug|Any CPU.Build.0 = Debug|Any CPU
		{0298EE7F-BA28-465F-B934-70A32C9D52D3}.Release|Any CPU.ActiveCfg = Release|Any CPU
		{0298EE7F-BA28-465F-B934-70A32C9D52D3}.Release|Any CPU.Build.0 = Release|Any CPU
	EndGlobalSection
	GlobalSection(SolutionProperties) = preSolution
		HideSolutionNode = FALSE
	EndGlobalSection
	GlobalSection(ExtensibilityGlobals) = postSolution
		SolutionGuid = {EBA84D02-4292-4CF5-A6BD-6E61502E416B}
	EndGlobalSection
EndGlobal
